
Microsoft Visual Studio Solution File, Format Version 12.00
# Visual Studio Version 17
VisualStudioVersion = 17.3.32811.315
MinimumVisualStudioVersion = 10.0.40219.1
Project("{FAE04EC0-301F-11D3-BF4B-00C04F79EFBC}") = "UpSchool_CQRS_UILayer", "UpSchool_CQRS_UILayer\UpSchool_CQRS_UILayer.csproj", "{FFA9DB92-0ACD-4C1A-8B78-49F3BD81285F}"
EndProject
Global
	GlobalSection(SolutionConfigurationPlatforms) = preSolution
		Debug|Any CPU = Debug|Any CPU
		Release|Any CPU = Release|Any CPU
	EndGlobalSection
	GlobalSection(ProjectConfigurationPlatforms) = postSolution
		{FFA9DB92-0ACD-4C1A-8B78-49F3BD81285F}.Debug|Any CPU.ActiveCfg = Debug|Any CPU
		{FFA9DB92-0ACD-4C1A-8B78-49F3BD81285F}.Debug|Any CPU.Build.0 = Debug|Any CPU
		{FFA9DB92-0ACD-4C1A-8B78-49F3BD81285F}.Release|Any CPU.ActiveCfg = Release|Any CPU
		{FFA9DB92-0ACD-4C1A-8B78-49F3BD81285F}.Release|Any CPU.Build.0 = Release|Any CPU
	EndGlobalSection
	GlobalSection(SolutionProperties) = preSolution
		HideSolutionNode = FALSE
	EndGlobalSection
	GlobalSection(ExtensibilityGlobals) = postSolution
		SolutionGuid = {66F395AE-91E6-4F76-A307-4D1A12D0B688}
	EndGlobalSection
EndGlobal
