
Microsoft Visual Studio Solution File, Format Version 12.00
# Visual Studio Version 17
VisualStudioVersion = 17.3.32811.315
MinimumVisualStudioVersion = 10.0.40219.1
Project("{9A19103F-16F7-4668-BE54-9A1E7A4F7556}") = "CRMUpschool.UILayer", "CRMUpschool.UILayer\CRMUpschool.UILayer.csproj", "{72476B34-AAD6-4CB7-8CC8-620DACF9614A}"
EndProject
Project("{9A19103F-16F7-4668-BE54-9A1E7A4F7556}") = "CRMUpschool.EntityLayer", "CRMUpschool.EntityLayer\CRMUpschool.EntityLayer.csproj", "{6ADB2F02-1A96-423C-A6AF-BA9F9D30C8F0}"
EndProject
Project("{9A19103F-16F7-4668-BE54-9A1E7A4F7556}") = "CRMUpschool.DataAccessLayer", "CRMUpschool.DataAccessLayer\CRMUpschool.DataAccessLayer.csproj", "{B47E5A83-642E-425D-A7C6-499D83CBB8F3}"
EndProject
Project("{9A19103F-16F7-4668-BE54-9A1E7A4F7556}") = "CRMUpschool.BusinessLayer", "CRMUpschool.BusinessLayer\CRMUpschool.BusinessLayer.csproj", "{13A35194-7849-4CC3-88FD-F669753A52BB}"
EndProject
Project("{FAE04EC0-301F-11D3-BF4B-00C04F79EFBC}") = "CRMUpschool.DTOLayer", "CRMUpschool.DTOLayer\CRMUpschool.DTOLayer.csproj", "{17622A52-6514-49B1-B411-AEE934DCDF5D}"
EndProject
Global
	GlobalSection(SolutionConfigurationPlatforms) = preSolution
		Debug|Any CPU = Debug|Any CPU
		Release|Any CPU = Release|Any CPU
	EndGlobalSection
	GlobalSection(ProjectConfigurationPlatforms) = postSolution
		{72476B34-AAD6-4CB7-8CC8-620DACF9614A}.Debug|Any CPU.ActiveCfg = Debug|Any CPU
		{72476B34-AAD6-4CB7-8CC8-620DACF9614A}.Debug|Any CPU.Build.0 = Debug|Any CPU
		{72476B34-AAD6-4CB7-8CC8-620DACF9614A}.Release|Any CPU.ActiveCfg = Release|Any CPU
		{72476B34-AAD6-4CB7-8CC8-620DACF9614A}.Release|Any CPU.Build.0 = Release|Any CPU
		{6ADB2F02-1A96-423C-A6AF-BA9F9D30C8F0}.Debug|Any CPU.ActiveCfg = Debug|Any CPU
		{6ADB2F02-1A96-423C-A6AF-BA9F9D30C8F0}.Debug|Any CPU.Build.0 = Debug|Any CPU
		{6ADB2F02-1A96-423C-A6AF-BA9F9D30C8F0}.Release|Any CPU.ActiveCfg = Release|Any CPU
		{6ADB2F02-1A96-423C-A6AF-BA9F9D30C8F0}.Release|Any CPU.Build.0 = Release|Any CPU
		{B47E5A83-642E-425D-A7C6-499D83CBB8F3}.Debug|Any CPU.ActiveCfg = Debug|Any CPU
		{B47E5A83-642E-425D-A7C6-499D83CBB8F3}.Debug|Any CPU.Build.0 = Debug|Any CPU
		{B47E5A83-642E-425D-A7C6-499D83CBB8F3}.Release|Any CPU.ActiveCfg = Release|Any CPU
		{B47E5A83-642E-425D-A7C6-499D83CBB8F3}.Release|Any CPU.Build.0 = Release|Any CPU
		{13A35194-7849-4CC3-88FD-F669753A52BB}.Debug|Any CPU.ActiveCfg = Debug|Any CPU
		{13A35194-7849-4CC3-88FD-F669753A52BB}.Debug|Any CPU.Build.0 = Debug|Any CPU
		{13A35194-7849-4CC3-88FD-F669753A52BB}.Release|Any CPU.ActiveCfg = Release|Any CPU
		{13A35194-7849-4CC3-88FD-F669753A52BB}.Release|Any CPU.Build.0 = Release|Any CPU
		{17622A52-6514-49B1-B411-AEE934DCDF5D}.Debug|Any CPU.ActiveCfg = Debug|Any CPU
		{17622A52-6514-49B1-B411-AEE934DCDF5D}.Debug|Any CPU.Build.0 = Debug|Any CPU
		{17622A52-6514-49B1-B411-AEE934DCDF5D}.Release|Any CPU.ActiveCfg = Release|Any CPU
		{17622A52-6514-49B1-B411-AEE934DCDF5D}.Release|Any CPU.Build.0 = Release|Any CPU
	EndGlobalSection
	GlobalSection(SolutionProperties) = preSolution
		HideSolutionNode = FALSE
	EndGlobalSection
	GlobalSection(ExtensibilityGlobals) = postSolution
		SolutionGuid = {4E52A032-E8B2-4FBD-A8C9-08C87EB3D03B}
	EndGlobalSection
EndGlobal
